{
  "name": "open-agent-infrastructure",
  "version": "0.1.0",
  "lockfileVersion": 3,
  "requires": true,
  "packages": {
    "": {
      "name": "open-agent-infrastructure",
      "version": "0.1.0",
      "license": "Apache-2.0",
      "workspaces": [
        "packages/*",
        "apps/*"
      ],
      "devDependencies": {
        "@types/node": "^20.11.0",
        "prettier": "^3.2.5",
        "typescript": "^5.4.5"
      },
      "engines": {
        "node": ">=20.0.0",
        "npm": ">=10.0.0"
      }
    },
    "apps/cli": {
      "name": "@open-agent/cli",
      "version": "0.1.0",
      "license": "Apache-2.0",
      "dependencies": {
        "@open-agent/core": "*",
        "@open-agent/graph": "*",
        "@open-agent/vector": "*"
      },
      "bin": {
        "openagent": "dist/bin/openagent.js"
      },
      "devDependencies": {
        "@types/node": "^20.11.0",
        "typescript": "^5.4.5"
      }
    },
    "node_modules/@open-agent/cli": {
      "resolved": "apps/cli",
      "link": true
    },
    "node_modules/@open-agent/core": {
      "resolved": "packages/core",
      "link": true
    },
    "node_modules/@open-agent/graph": {
      "resolved": "packages/graph",
      "link": true
    },
    "node_modules/@open-agent/vector": {
      "resolved": "packages/vector",
      "link": true
    },
    "node_modules/@types/node": {
      "version": "20.19.43",
      "resolved": "https://registry.npmjs.org/@types/node/-/node-20.19.43.tgz",
      "integrity": "sha512-6oYBAi5ikg4Pl+kGsoYtawUMBT2zZMCvPNF7pVLnHZfd1zf38DRiWn/gT01RYCdUqkv7Fhr+C9ot4/tb+2sVvA==",
      "dev": true,
      "license": "MIT",
      "dependencies": {
        "undici-types": "~6.21.0"
      }
    },
    "node_modules/prettier": {
      "version": "3.9.9",
      "resolved": "https://registry.npmjs.org/prettier/-/prettier-3.9.9.tgz",
      "integrity": "sha512-Z/CJHIkdujO/OtN7nXUii0Rf3VT5SRuhjBA82Xvu2XhBUgX3nhP67T0LHceBdQLex7OOFGTox+Q5Yg8Jk2Qivg==",
      "dev": true,
      "license": "MIT",
      "bin": {
        "prettier": "bin/prettier.cjs"
      },
      "engines": {
        "node": ">=14"
      },
      "funding": {
        "url": "https://github.com/prettier/prettier?sponsor=1"
      }
    },
    "node_modules/typescript": {
      "version": "5.9.3",
      "resolved": "https://registry.npmjs.org/typescript/-/typescript-5.9.3.tgz",
      "integrity": "sha512-jl1vZzPDinLr9eUt3J/t7V6FgNEw9QjvBPdysz9KfQDD41fQrC2Y4vKQdiaUpFT4bXlb1RHhLpp8wtm6M5TgSw==",
      "dev": true,
      "license": "Apache-2.0",
      "bin": {
        "tsc": "bin/tsc",
        "tsserver": "bin/tsserver"
      },
      "engines": {
        "node": ">=14.17"
      }
    },
    "node_modules/undici-types": {
      "version": "6.21.0",
      "resolved": "https://registry.npmjs.org/undici-types/-/undici-types-6.21.0.tgz",
      "integrity": "sha512-iwDZqg0QAGrg9Rav5H4n0M64c3mkR59cJ6wQp+7C4nI0gsmExaedaYLNO44eT4AtBBwjbTiGPMlt2Md0T9H9JQ==",
      "dev": true,
      "license": "MIT"
    },
    "packages/core": {
      "name": "@open-agent/core",
      "version": "0.1.0",
      "license": "Apache-2.0",
      "dependencies": {
        "@open-agent/vector": "*"
      },
      "devDependencies": {
        "@types/node": "^20.11.0",
        "typescript": "^5.4.5"
      }
    },
    "packages/graph": {
      "name": "@open-agent/graph",
      "version": "0.1.0",
      "license": "Apache-2.0",
      "dependencies": {
        "@open-agent/core": "*",
        "@open-agent/vector": "*"
      },
      "devDependencies": {
        "@types/node": "^20.11.0",
        "typescript": "^5.4.5"
      },
      "engines": {
        "node": ">=20.0.0"
      }
    },
    "packages/vector": {
      "name": "@open-agent/vector",
      "version": "0.1.0",
      "license": "Apache-2.0",
      "devDependencies": {
        "@types/node": "^20.11.0",
        "typescript": "^5.4.5"
      },
      "engines": {
        "node": ">=20.0.0"
      }
    }
  }
}
